
Microsoft Visual Studio Solution File, Format Version 12.00
# Visual Studio Version 16
VisualStudioVersion = 16.0.31624.102
MinimumVisualStudioVersion = 10.0.40219.1
Project("{9A19103F-16F7-4668-BE54-9A1E7A4F7556}") = "WEB_953506_лавренович", "WEB_953506_лавренович\WEB_953506_лавренович.csproj", "{75667714-066D-44AD-8362-8DC2D620C66B}"
EndProject
Project("{FAE04EC0-301F-11D3-BF4B-00C04F79EFBC}") = "WEB_953506_лавренович.Blazor.Server", "WEB_953506_лавренович.Blazor\Server\WEB_953506_лавренович.Blazor.Server.csproj", "{89F811D0-649C-44AB-BE7D-4DDDE2AEF5C0}"
EndProject
Project("{FAE04EC0-301F-11D3-BF4B-00C04F79EFBC}") = "WEB_953506_лавренович.Blazor.Client", "WEB_953506_лавренович.Blazor\Client\WEB_953506_лавренович.Blazor.Client.csproj", "{DD530776-2012-4E58-BFDF-9D5F3E12433C}"
EndProject
Project("{FAE04EC0-301F-11D3-BF4B-00C04F79EFBC}") = "WEB_953506_лавренович.Blazor.Shared", "WEB_953506_лавренович.Blazor\Shared\WEB_953506_лавренович.Blazor.Shared.csproj", "{9B16641E-E7A0-4F06-998C-8CC4A7981B24}"
EndProject
Global
	GlobalSection(SolutionConfigurationPlatforms) = preSolution
		Debug|Any CPU = Debug|Any CPU
		Release|Any CPU = Release|Any CPU
	EndGlobalSection
	GlobalSection(ProjectConfigurationPlatforms) = postSolution
		{75667714-066D-44AD-8362-8DC2D620C66B}.Debug|Any CPU.ActiveCfg = Debug|Any CPU
		{75667714-066D-44AD-8362-8DC2D620C66B}.Debug|Any CPU.Build.0 = Debug|Any CPU
		{75667714-066D-44AD-8362-8DC2D620C66B}.Release|Any CPU.ActiveCfg = Release|Any CPU
		{75667714-066D-44AD-8362-8DC2D620C66B}.Release|Any CPU.Build.0 = Release|Any CPU
		{89F811D0-649C-44AB-BE7D-4DDDE2AEF5C0}.Debug|Any CPU.ActiveCfg = Debug|Any CPU
		{89F811D0-649C-44AB-BE7D-4DDDE2AEF5C0}.Debug|Any CPU.Build.0 = Debug|Any CPU
		{89F811D0-649C-44AB-BE7D-4DDDE2AEF5C0}.Release|Any CPU.ActiveCfg = Release|Any CPU
		{89F811D0-649C-44AB-BE7D-4DDDE2AEF5C0}.Release|Any CPU.Build.0 = Release|Any CPU
		{DD530776-2012-4E58-BFDF-9D5F3E12433C}.Debug|Any CPU.ActiveCfg = Debug|Any CPU
		{DD530776-2012-4E58-BFDF-9D5F3E12433C}.Debug|Any CPU.Build.0 = Debug|Any CPU
		{DD530776-2012-4E58-BFDF-9D5F3E12433C}.Release|Any CPU.ActiveCfg = Release|Any CPU
		{DD530776-2012-4E58-BFDF-9D5F3E12433C}.Release|Any CPU.Build.0 = Release|Any CPU
		{9B16641E-E7A0-4F06-998C-8CC4A7981B24}.Debug|Any CPU.ActiveCfg = Debug|Any CPU
		{9B16641E-E7A0-4F06-998C-8CC4A7981B24}.Debug|Any CPU.Build.0 = Debug|Any CPU
		{9B16641E-E7A0-4F06-998C-8CC4A7981B24}.Release|Any CPU.ActiveCfg = Release|Any CPU
		{9B16641E-E7A0-4F06-998C-8CC4A7981B24}.Release|Any CPU.Build.0 = Release|Any CPU
	EndGlobalSection
	GlobalSection(SolutionProperties) = preSolution
		HideSolutionNode = FALSE
	EndGlobalSection
	GlobalSection(ExtensibilityGlobals) = postSolution
		SolutionGuid = {4C3236C8-7800-426D-885D-17E3BE81DC61}
	EndGlobalSection
EndGlobal
